{
  "version": 4,
  "terraform_version": "0.12.16",
  "serial": 112,
  "lineage": "1f2087f9-4b3c-1b66-65db-8b78faafc6fb",
  "outputs": {},
  "resources": [
    {
      "mode": "managed",
      "type": "aws_instance",
      "name": "prod_web",
      "each": "list",
      "provider": "provider.aws",
      "instances": [
        {
          "schema_version": 1,
          "attributes": {
            "ami": "ami-0c55b159cbfafe1f0",
            "availability_zone": "us-east-2c",
            "id": "i-00d689a0acc43af0f",
            "instance_state": "running",
            "instance_type": "t2.micro",
            "(...)": "(truncated)"
          }
        }
      ]
    }
  ]
}
